
Microsoft Visual Studio Solution File, Format Version 12.00
# Visual Studio Version 17
VisualStudioVersion = 17.9.34728.123
MinimumVisualStudioVersion = 10.0.40219.1
Project("{FAE04EC0-301F-11D3-BF4B-00C04F79EFBC}") = "MSGExtensions", "MSGExtensions\MSGExtensions.csproj", "{381C9742-2F0C-4891-9997-B53193C7EEB6}"
EndProject
Global
	GlobalSection(SolutionConfigurationPlatforms) = preSolution
		Debug|Any CPU = Debug|Any CPU
		Release|Any CPU = Release|Any CPU
	EndGlobalSection
	GlobalSection(ProjectConfigurationPlatforms) = postSolution
		{381C9742-2F0C-4891-9997-B53193C7EEB6}.Debug|Any CPU.ActiveCfg = Debug|Any CPU
		{381C9742-2F0C-4891-9997-B53193C7EEB6}.Debug|Any CPU.Build.0 = Debug|Any CPU
		{381C9742-2F0C-4891-9997-B53193C7EEB6}.Release|Any CPU.ActiveCfg = Release|Any CPU
		{381C9742-2F0C-4891-9997-B53193C7EEB6}.Release|Any CPU.Build.0 = Release|Any CPU
	EndGlobalSection
	GlobalSection(SolutionProperties) = preSolution
		HideSolutionNode = FALSE
	EndGlobalSection
	GlobalSection(ExtensibilityGlobals) = postSolution
		SolutionGuid = {52D56EEB-DC09-47CB-8E64-CB5C1E4810B5}
	EndGlobalSection
EndGlobal
